<?xml version="1.0" encoding="utf-8"?>
<Project ToolsVersion="4.0" xmlns="http://schemas.microsoft.com/developer/msbuild/2003">
  <ItemGroup>
    <Filter Include="Source Files">
      <UniqueIdentifier>{4FC737F1-C7A5-4376-A066-2A32D752A2FF}</UniqueIdentifier>
      <Extensions>cpp;c;cc;cxx;def;odl;idl;hpj;bat;asm;asmx</Extensions>
    </Filter>
    <Filter Include="Header Files">
      <UniqueIdentifier>{93995380-89BD-4b04-88EB-625FBE52EBFB}</UniqueIdentifier>
      <Extensions>h;hh;hpp;hxx;hm;inl;inc;xsd</Extensions>
    </Filter>
    <Filter Include="Resource Files">
      <UniqueIdentifier>{67DA6AB6-F800-4c08-8B7A-83BB121AAD01}</UniqueIdentifier>
      <Extensions>rc;ico;cur;bmp;dlg;rc2;rct;bin;rgs;gif;jpg;jpeg;jpe;resx;tiff;tif;png;wav;mfcribbon-ms</Extensions>
    </Filter>
  </ItemGroup>
  <ItemGroup>
    <ClCompile Include="Shader.cpp">
      <Filter>Source Files</Filter>
    </ClCompile>
    <ClCompile Include="Mesh.cpp">
      <Filter>Source Files</Filter>
    </ClCompile>
    <ClCompile Include="Model.cpp">
      <Filter>Source Files</Filter>
    </ClCompile>
    <ClCompile Include="CreateSkyBox.cpp">
      <Filter>Source Files</Filter>
    </ClCompile>
    <ClCompile Include="Rand.cpp">
      <Filter>Source Files</Filter>
    </ClCompile>
    <ClCompile Include="OpenCity.cpp">
      <Filter>Source Files</Filter>
    </ClCompile>
    <ClCompile Include="CollisionDetection.cpp">
      <Filter>Source Files</Filter>
    </ClCompile>
    <ClCompile Include="Particle.cpp">
      <Filter>Source Files</Filter>
    </ClCompile>
    <ClCompile Include="Process.cpp">
      <Filter>Source Files</Filter>
    </ClCompile>
    <ClCompile Include="Render.cpp">
      <Filter>Source Files</Filter>
    </ClCompile>
    <ClCompile Include="Map.cpp">
      <Filter>Source Files</Filter>
    </ClCompile>
    <ClCompile Include="Camera.cpp">
      <Filter>Source Files</Filter>
    </ClCompile>
    <ClCompile Include="Element.cpp">
      <Filter>Source Files</Filter>
    </ClCompile>
  </ItemGroup>
  <ItemGroup>
    <None Include="packages.config" />
    <None Include="Resource\fs\box.fs">
      <Filter>Resource Files</Filter>
    </None>
    <None Include="Resource\fs\depth.fs">
      <Filter>Resource Files</Filter>
    </None>
    <None Include="Resource\fs\hdr.fs">
      <Filter>Resource Files</Filter>
    </None>
    <None Include="Resource\fs\interface.fs">
      <Filter>Resource Files</Filter>
    </None>
    <None Include="Resource\fs\lightcube.fs">
      <Filter>Resource Files</Filter>
    </None>
    <None Include="Resource\fs\model.fs">
      <Filter>Resource Files</Filter>
    </None>
    <None Include="Resource\fs\newbox.fs">
      <Filter>Resource Files</Filter>
    </None>
    <None Include="Resource\fs\plane.fs">
      <Filter>Resource Files</Filter>
    </None>
    <None Include="Resource\fs\skybox.fs">
      <Filter>Resource Files</Filter>
    </None>
    <None Include="Resource\vs\box.vs">
      <Filter>Resource Files</Filter>
    </None>
    <None Include="Resource\vs\depth.vs">
      <Filter>Resource Files</Filter>
    </None>
    <None Include="Resource\vs\hdr.vs">
      <Filter>Resource Files</Filter>
    </None>
    <None Include="Resource\vs\interface.vs">
      <Filter>Resource Files</Filter>
    </None>
    <None Include="Resource\vs\lightcube.vs">
      <Filter>Resource Files</Filter>
    </None>
    <None Include="Resource\vs\model.vs">
      <Filter>Resource Files</Filter>
    </None>
    <None Include="Resource\vs\newbox.vs">
      <Filter>Resource Files</Filter>
    </None>
    <None Include="Resource\vs\plane.vs">
      <Filter>Resource Files</Filter>
    </None>
    <None Include="Resource\vs\skybox.vs">
      <Filter>Resource Files</Filter>
    </None>
  </ItemGroup>
  <ItemGroup>
    <ClInclude Include="Const.h">
      <Filter>Header Files</Filter>
    </ClInclude>
    <ClInclude Include="Camera.h">
      <Filter>Header Files</Filter>
    </ClInclude>
    <ClInclude Include="Shader.h">
      <Filter>Header Files</Filter>
    </ClInclude>
    <ClInclude Include="Mesh.h">
      <Filter>Header Files</Filter>
    </ClInclude>
    <ClInclude Include="Model.h">
      <Filter>Header Files</Filter>
    </ClInclude>
    <ClInclude Include="stb_image.h">
      <Filter>Header Files</Filter>
    </ClInclude>
    <ClInclude Include="CreateSkyBox.h">
      <Filter>Header Files</Filter>
    </ClInclude>
    <ClInclude Include="Rand.h">
      <Filter>Header Files</Filter>
    </ClInclude>
    <ClInclude Include="CollisionDetection.h">
      <Filter>Header Files</Filter>
    </ClInclude>
    <ClInclude Include="Particle.h">
      <Filter>Header Files</Filter>
    </ClInclude>
    <ClInclude Include="Process.h">
      <Filter>Header Files</Filter>
    </ClInclude>
    <ClInclude Include="Render.h">
      <Filter>Header Files</Filter>
    </ClInclude>
    <ClInclude Include="Map.h">
      <Filter>Header Files</Filter>
    </ClInclude>
    <ClInclude Include="Element.h">
      <Filter>Header Files</Filter>
    </ClInclude>
  </ItemGroup>
  <ItemGroup>
    <Text Include="Resource\map\map.txt">
      <Filter>Resource Files</Filter>
    </Text>
  </ItemGroup>
</Project>